{
  "requires": true,
  "lockfileVersion": 1,
  "dependencies": {
    "eslint-config-zemoso": {
      "version": "1.0.3",
      "resolved": "https://registry.npmjs.org/eslint-config-zemoso/-/eslint-config-zemoso-1.0.3.tgz",
      "integrity": "sha512-YHAwVLIlbCQcEewZ2nbNa3INoCCOSoF4eQc+RjFOk6tyRJGWYnJq/1u3HGULssUzQtNjG7oV7G79HapAayWeqg=="
    }
  }
}
